// !$*UTF8*$!
{
	archiveVersion = 1;
	classes = {
	};
	objectVersion = 50;
	objects = {

/* Begin PBXBuildFile section */
		69493E692459C741001B9D15 /* AppDelegate.swift in Sources */ = {isa = PBXBuildFile; fileRef = 69493E682459C741001B9D15 /* AppDelegate.swift */; };
		69493E6B2459C741001B9D15 /* SceneDelegate.swift in Sources */ = {isa = PBXBuildFile; fileRef = 69493E6A2459C741001B9D15 /* SceneDelegate.swift */; };
		69493E722459C746001B9D15 /* Assets.xcassets in Resources */ = {isa = PBXBuildFile; fileRef = 69493E712459C746001B9D15 /* Assets.xcassets */; };
		69493E752459C746001B9D15 /* LaunchScreen.storyboard in Resources */ = {isa = PBXBuildFile; fileRef = 69493E732459C746001B9D15 /* LaunchScreen.storyboard */; };
		69493E802459C747001B9D15 /* ByrdTests.swift in Sources */ = {isa = PBXBuildFile; fileRef = 69493E7F2459C747001B9D15 /* ByrdTests.swift */; };
		69493E8B2459C747001B9D15 /* ByrdUITests.swift in Sources */ = {isa = PBXBuildFile; fileRef = 69493E8A2459C747001B9D15 /* ByrdUITests.swift */; };
		69493E99245A1666001B9D15 /* TabBar.storyboard in Resources */ = {isa = PBXBuildFile; fileRef = 69493E98245A1666001B9D15 /* TabBar.storyboard */; };
		69493EB6245B12B9001B9D15 /* Progress.storyboard in Resources */ = {isa = PBXBuildFile; fileRef = 69493EB5245B12B9001B9D15 /* Progress.storyboard */; };
		69493EB8245B54C1001B9D15 /* GoalsViewController.swift in Sources */ = {isa = PBXBuildFile; fileRef = 69493EB7245B54C1001B9D15 /* GoalsViewController.swift */; };
		69493EBA245B54E2001B9D15 /* GoalsListTableViewCell.swift in Sources */ = {isa = PBXBuildFile; fileRef = 69493EB9245B54E2001B9D15 /* GoalsListTableViewCell.swift */; };
		69493EBC245B56AE001B9D15 /* Goals.swift in Sources */ = {isa = PBXBuildFile; fileRef = 69493EBB245B56AE001B9D15 /* Goals.swift */; };
		69C02059245CCF6A00CDC30F /* Goals.storyboard in Resources */ = {isa = PBXBuildFile; fileRef = 69C02058245CCF6A00CDC30F /* Goals.storyboard */; };
/* End PBXBuildFile section */

/* Begin PBXContainerItemProxy section */
		69493E7C2459C747001B9D15 /* PBXContainerItemProxy */ = {
			isa = PBXContainerItemProxy;
			containerPortal = 69493E5D2459C741001B9D15 /* Project object */;
			proxyType = 1;
			remoteGlobalIDString = 69493E642459C741001B9D15;
			remoteInfo = Byrd;
		};
		69493E872459C747001B9D15 /* PBXContainerItemProxy */ = {
			isa = PBXContainerItemProxy;
			containerPortal = 69493E5D2459C741001B9D15 /* Project object */;
			proxyType = 1;
			remoteGlobalIDString = 69493E642459C741001B9D15;
			remoteInfo = Byrd;
		};
/* End PBXContainerItemProxy section */

/* Begin PBXFileReference section */
		69493E652459C741001B9D15 /* Byrd.app */ = {isa = PBXFileReference; explicitFileType = wrapper.application; includeInIndex = 0; path = Byrd.app; sourceTree = BUILT_PRODUCTS_DIR; };
		69493E682459C741001B9D15 /* AppDelegate.swift */ = {isa = PBXFileReference; lastKnownFileType = sourcecode.swift; path = AppDelegate.swift; sourceTree = "<group>"; };
		69493E6A2459C741001B9D15 /* SceneDelegate.swift */ = {isa = PBXFileReference; lastKnownFileType = sourcecode.swift; path = SceneDelegate.swift; sourceTree = "<group>"; };
		69493E712459C746001B9D15 /* Assets.xcassets */ = {isa = PBXFileReference; lastKnownFileType = folder.assetcatalog; path = Assets.xcassets; sourceTree = "<group>"; };
		69493E742459C746001B9D15 /* Base */ = {isa = PBXFileReference; lastKnownFileType = file.storyboard; name = Base; path = Base.lproj/LaunchScreen.storyboard; sourceTree = "<group>"; };
		69493E762459C746001B9D15 /* Info.plist */ = {isa = PBXFileReference; lastKnownFileType = text.plist.xml; path = Info.plist; sourceTree = "<group>"; };
		69493E7B2459C747001B9D15 /* ByrdTests.xctest */ = {isa = PBXFileReference; explicitFileType = wrapper.cfbundle; includeInIndex = 0; path = ByrdTests.xctest; sourceTree = BUILT_PRODUCTS_DIR; };
		69493E7F2459C747001B9D15 /* ByrdTests.swift */ = {isa = PBXFileReference; lastKnownFileType = sourcecode.swift; path = ByrdTests.swift; sourceTree = "<group>"; };
		69493E812459C747001B9D15 /* Info.plist */ = {isa = PBXFileReference; lastKnownFileType = text.plist.xml; path = Info.plist; sourceTree = "<group>"; };
		69493E862459C747001B9D15 /* ByrdUITests.xctest */ = {isa = PBXFileReference; explicitFileType = wrapper.cfbundle; includeInIndex = 0; path = ByrdUITests.xctest; sourceTree = BUILT_PRODUCTS_DIR; };
		69493E8A2459C747001B9D15 /* ByrdUITests.swift */ = {isa = PBXFileReference; lastKnownFileType = sourcecode.swift; path = ByrdUITests.swift; sourceTree = "<group>"; };
		69493E8C2459C747001B9D15 /* Info.plist */ = {isa = PBXFileReference; lastKnownFileType = text.plist.xml; path = Info.plist; sourceTree = "<group>"; };
		69493E98245A1666001B9D15 /* TabBar.storyboard */ = {isa = PBXFileReference; lastKnownFileType = file.storyboard; path = TabBar.storyboard; sourceTree = "<group>"; };
		69493EB5245B12B9001B9D15 /* Progress.storyboard */ = {isa = PBXFileReference; lastKnownFileType = file.storyboard; path = Progress.storyboard; sourceTree = "<group>"; };
		69493EB7245B54C1001B9D15 /* GoalsViewController.swift */ = {isa = PBXFileReference; lastKnownFileType = sourcecode.swift; path = GoalsViewController.swift; sourceTree = "<group>"; };
		69493EB9245B54E2001B9D15 /* GoalsListTableViewCell.swift */ = {isa = PBXFileReference; lastKnownFileType = sourcecode.swift; path = GoalsListTableViewCell.swift; sourceTree = "<group>"; };
		69493EBB245B56AE001B9D15 /* Goals.swift */ = {isa = PBXFileReference; lastKnownFileType = sourcecode.swift; path = Goals.swift; sourceTree = "<group>"; };
		69C02058245CCF6A00CDC30F /* Goals.storyboard */ = {isa = PBXFileReference; lastKnownFileType = file.storyboard; path = Goals.storyboard; sourceTree = "<group>"; };
/* End PBXFileReference section */

/* Begin PBXFrameworksBuildPhase section */
		69493E622459C741001B9D15 /* Frameworks */ = {
			isa = PBXFrameworksBuildPhase;
			buildActionMask = 2147483647;
			files = (
			);
			runOnlyForDeploymentPostprocessing = 0;
		};
		69493E782459C747001B9D15 /* Frameworks */ = {
			isa = PBXFrameworksBuildPhase;
			buildActionMask = 2147483647;
			files = (
			);
			runOnlyForDeploymentPostprocessing = 0;
		};
		69493E832459C747001B9D15 /* Frameworks */ = {
			isa = PBXFrameworksBuildPhase;
			buildActionMask = 2147483647;
			files = (
			);
			runOnlyForDeploymentPostprocessing = 0;
		};
/* End PBXFrameworksBuildPhase section */

/* Begin PBXGroup section */
		69493E5C2459C741001B9D15 = {
			isa = PBXGroup;
			children = (
				69493E672459C741001B9D15 /* Byrd */,
				69493E7E2459C747001B9D15 /* ByrdTests */,
				69493E892459C747001B9D15 /* ByrdUITests */,
				69493E662459C741001B9D15 /* Products */,
			);
			sourceTree = "<group>";
		};
		69493E662459C741001B9D15 /* Products */ = {
			isa = PBXGroup;
			children = (
				69493E652459C741001B9D15 /* Byrd.app */,
				69493E7B2459C747001B9D15 /* ByrdTests.xctest */,
				69493E862459C747001B9D15 /* ByrdUITests.xctest */,
			);
			name = Products;
			sourceTree = "<group>";
		};
		69493E672459C741001B9D15 /* Byrd */ = {
			isa = PBXGroup;
			children = (
				69493E682459C741001B9D15 /* AppDelegate.swift */,
				69493E6A2459C741001B9D15 /* SceneDelegate.swift */,
				69493EBB245B56AE001B9D15 /* Goals.swift */,
				69493EA8245B0B51001B9D15 /* Controllers */,
				69493E9A245A1682001B9D15 /* View */,
				69493E762459C746001B9D15 /* Info.plist */,
			);
			path = Byrd;
			sourceTree = "<group>";
		};
		69493E7E2459C747001B9D15 /* ByrdTests */ = {
			isa = PBXGroup;
			children = (
				69493E7F2459C747001B9D15 /* ByrdTests.swift */,
				69493E812459C747001B9D15 /* Info.plist */,
			);
			path = ByrdTests;
			sourceTree = "<group>";
		};
		69493E892459C747001B9D15 /* ByrdUITests */ = {
			isa = PBXGroup;
			children = (
				69493E8A2459C747001B9D15 /* ByrdUITests.swift */,
				69493E8C2459C747001B9D15 /* Info.plist */,
			);
			path = ByrdUITests;
			sourceTree = "<group>";
		};
		69493E9A245A1682001B9D15 /* View */ = {
			isa = PBXGroup;
			children = (
				69493E98245A1666001B9D15 /* TabBar.storyboard */,
				69493EB5245B12B9001B9D15 /* Progress.storyboard */,
				69C02058245CCF6A00CDC30F /* Goals.storyboard */,
				69493E712459C746001B9D15 /* Assets.xcassets */,
				69493E732459C746001B9D15 /* LaunchScreen.storyboard */,
			);
			path = View;
			sourceTree = "<group>";
		};
		69493EA8245B0B51001B9D15 /* Controllers */ = {
			isa = PBXGroup;
			children = (
				69493EB7245B54C1001B9D15 /* GoalsViewController.swift */,
				69493EB9245B54E2001B9D15 /* GoalsListTableViewCell.swift */,
			);
			path = Controllers;
			sourceTree = "<group>";
		};
/* End PBXGroup section */

/* Begin PBXNativeTarget section */
		69493E642459C741001B9D15 /* Byrd */ = {
			isa = PBXNativeTarget;
			buildConfigurationList = 69493E8F2459C747001B9D15 /* Build configuration list for PBXNativeTarget "Byrd" */;
			buildPhases = (
				69493E612459C741001B9D15 /* Sources */,
				69493E622459C741001B9D15 /* Frameworks */,
				69493E632459C741001B9D15 /* Resources */,
			);
			buildRules = (
			);
			dependencies = (
			);
			name = Byrd;
			productName = Byrd;
			productReference = 69493E652459C741001B9D15 /* Byrd.app */;
			productType = "com.apple.product-type.application";
		};
		69493E7A2459C747001B9D15 /* ByrdTests */ = {
			isa = PBXNativeTarget;
			buildConfigurationList = 69493E922459C747001B9D15 /* Build configuration list for PBXNativeTarget "ByrdTests" */;
			buildPhases = (
				69493E772459C747001B9D15 /* Sources */,
				69493E782459C747001B9D15 /* Frameworks */,
				69493E792459C747001B9D15 /* Resources */,
			);
			buildRules = (
			);
			dependencies = (
				69493E7D2459C747001B9D15 /* PBXTargetDependency */,
			);
			name = ByrdTests;
			productName = ByrdTests;
			productReference = 69493E7B2459C747001B9D15 /* ByrdTests.xctest */;
			productType = "com.apple.product-type.bundle.unit-test";
		};
		69493E852459C747001B9D15 /* ByrdUITests */ = {
			isa = PBXNativeTarget;
			buildConfigurationList = 69493E952459C747001B9D15 /* Build configuration list for PBXNativeTarget "ByrdUITests" */;
			buildPhases = (
				69493E822459C747001B9D15 /* Sources */,
				69493E832459C747001B9D15 /* Frameworks */,
				69493E842459C747001B9D15 /* Resources */,
			);
			buildRules = (
			);
			dependencies = (
				69493E882459C747001B9D15 /* PBXTargetDependency */,
			);
			name = ByrdUITests;
			productName = ByrdUITests;
			productReference = 69493E862459C747001B9D15 /* ByrdUITests.xctest */;
			productType = "com.apple.product-type.bundle.ui-testing";
		};
/* End PBXNativeTarget section */

/* Begin PBXProject section */
		69493E5D2459C741001B9D15 /* Project object */ = {
			isa = PBXProject;
			attributes = {
				LastSwiftUpdateCheck = 1140;
				LastUpgradeCheck = 1140;
				ORGANIZATIONNAME = Dorime;
				TargetAttributes = {
					69493E642459C741001B9D15 = {
						CreatedOnToolsVersion = 11.4.1;
					};
					69493E7A2459C747001B9D15 = {
						CreatedOnToolsVersion = 11.4.1;
						TestTargetID = 69493E642459C741001B9D15;
					};
					69493E852459C747001B9D15 = {
						CreatedOnToolsVersion = 11.4.1;
						TestTargetID = 69493E642459C741001B9D15;
					};
				};
			};
			buildConfigurationList = 69493E602459C741001B9D15 /* Build configuration list for PBXProject "Byrd" */;
			compatibilityVersion = "Xcode 9.3";
			developmentRegion = en;
			hasScannedForEncodings = 0;
			knownRegions = (
				en,
				Base,
			);
			mainGroup = 69493E5C2459C741001B9D15;
			productRefGroup = 69493E662459C741001B9D15 /* Products */;
			projectDirPath = "";
			projectRoot = "";
			targets = (
				69493E642459C741001B9D15 /* Byrd */,
				69493E7A2459C747001B9D15 /* ByrdTests */,
				69493E852459C747001B9D15 /* ByrdUITests */,
			);
		};
/* End PBXProject section */

/* Begin PBXResourcesBuildPhase section */
		69493E632459C741001B9D15 /* Resources */ = {
			isa = PBXResourcesBuildPhase;
			buildActionMask = 2147483647;
			files = (
				69493E752459C746001B9D15 /* LaunchScreen.storyboard in Resources */,
				69493E99245A1666001B9D15 /* TabBar.storyboard in Resources */,
				69493EB6245B12B9001B9D15 /* Progress.storyboard in Resources */,
				69493E722459C746001B9D15 /* Assets.xcassets in Resources */,
				69C02059245CCF6A00CDC30F /* Goals.storyboard in Resources */,
			);
			runOnlyForDeploymentPostprocessing = 0;
		};
		69493E792459C747001B9D15 /* Resources */ = {
			isa = PBXResourcesBuildPhase;
			buildActionMask = 2147483647;
			files = (
			);
			runOnlyForDeploymentPostprocessing = 0;
		};
		69493E842459C747001B9D15 /* Resources */ = {
			isa = PBXResourcesBuildPhase;
			buildActionMask = 2147483647;
			files = (
			);
			runOnlyForDeploymentPostprocessing = 0;
		};
/* End PBXResourcesBuildPhase section */

/* Begin PBXSourcesBuildPhase section */
		69493E612459C741001B9D15 /* Sources */ = {
			isa = PBXSourcesBuildPhase;
			buildActionMask = 2147483647;
			files = (
				69493EBC245B56AE001B9D15 /* Goals.swift in Sources */,
				69493EBA245B54E2001B9D15 /* GoalsListTableViewCell.swift in Sources */,
				69493E692459C741001B9D15 /* AppDelegate.swift in Sources */,
				69493E6B2459C741001B9D15 /* SceneDelegate.swift in Sources */,
				69493EB8245B54C1001B9D15 /* GoalsViewController.swift in Sources */,
			);
			runOnlyForDeploymentPostprocessing = 0;
		};
		69493E772459C747001B9D15 /* Sources */ = {
			isa = PBXSourcesBuildPhase;
			buildActionMask = 2147483647;
			files = (
				69493E802459C747001B9D15 /* ByrdTests.swift in Sources */,
			);
			runOnlyForDeploymentPostprocessing = 0;
		};
		69493E822459C747001B9D15 /* Sources */ = {
			isa = PBXSourcesBuildPhase;
			buildActionMask = 2147483647;
			files = (
				69493E8B2459C747001B9D15 /* ByrdUITests.swift in Sources */,
			);
			runOnlyForDeploymentPostprocessing = 0;
		};
/* End PBXSourcesBuildPhase section */

/* Begin PBXTargetDependency section */
		69493E7D2459C747001B9D15 /* PBXTargetDependency */ = {
			isa = PBXTargetDependency;
			target = 69493E642459C741001B9D15 /* Byrd */;
			targetProxy = 69493E7C2459C747001B9D15 /* PBXContainerItemProxy */;
		};
		69493E882459C747001B9D15 /* PBXTargetDependency */ = {
			isa = PBXTargetDependency;
			target = 69493E642459C741001B9D15 /* Byrd */;
			targetProxy = 69493E872459C747001B9D15 /* PBXContainerItemProxy */;
		};
/* End PBXTargetDependency section */

/* Begin PBXVariantGroup section */
		69493E732459C746001B9D15 /* LaunchScreen.storyboard */ = {
			isa = PBXVariantGroup;
			children = (
				69493E742459C746001B9D15 /* Base */,
			);
			name = LaunchScreen.storyboard;
			sourceTree = "<group>";
		};
/* End PBXVariantGroup section */

/* Begin XCBuildConfiguration section */
		69493E8D2459C747001B9D15 /* Debug */ = {
			isa = XCBuildConfiguration;
			buildSettings = {
				ALWAYS_SEARCH_USER_PATHS = NO;
				CLANG_ANALYZER_NONNULL = YES;
				CLANG_ANALYZER_NUMBER_OBJECT_CONVERSION = YES_AGGRESSIVE;
				CLANG_CXX_LANGUAGE_STANDARD = "gnu++14";
				CLANG_CXX_LIBRARY = "libc++";
				CLANG_ENABLE_MODULES = YES;
				CLANG_ENABLE_OBJC_ARC = YES;
				CLANG_ENABLE_OBJC_WEAK = YES;
				CLANG_WARN_BLOCK_CAPTURE_AUTORELEASING = YES;
				CLANG_WARN_BOOL_CONVERSION = YES;
				CLANG_WARN_COMMA = YES;
				CLANG_WARN_CONSTANT_CONVERSION = YES;
				CLANG_WARN_DEPRECATED_OBJC_IMPLEMENTATIONS = YES;
				CLANG_WARN_DIRECT_OBJC_ISA_USAGE = YES_ERROR;
				CLANG_WARN_DOCUMENTATION_COMMENTS = YES;
				CLANG_WARN_EMPTY_BODY = YES;
				CLANG_WARN_ENUM_CONVERSION = YES;
				CLANG_WARN_INFINITE_RECURSION = YES;
				CLANG_WARN_INT_CONVERSION = YES;
				CLANG_WARN_NON_LITERAL_NULL_CONVERSION = YES;
				CLANG_WARN_OBJC_IMPLICIT_RETAIN_SELF = YES;
				CLANG_WARN_OBJC_LITERAL_CONVERSION = YES;
				CLANG_WARN_OBJC_ROOT_CLASS = YES_ERROR;
				CLANG_WARN_RANGE_LOOP_ANALYSIS = YES;
				CLANG_WARN_STRICT_PROTOTYPES = YES;
				CLANG_WARN_SUSPICIOUS_MOVE = YES;
				CLANG_WARN_UNGUARDED_AVAILABILITY = YES_AGGRESSIVE;
				CLANG_WARN_UNREACHABLE_CODE = YES;
				CLANG_WARN__DUPLICATE_METHOD_MATCH = YES;
				COPY_PHASE_STRIP = NO;
				DEBUG_INFORMATION_FORMAT = dwarf;
				ENABLE_STRICT_OBJC_MSGSEND = YES;
				ENABLE_TESTABILITY = YES;
				GCC_C_LANGUAGE_STANDARD = gnu11;
				GCC_DYNAMIC_NO_PIC = NO;
				GCC_NO_COMMON_BLOCKS = YES;
				GCC_OPTIMIZATION_LEVEL = 0;
				GCC_PREPROCESSOR_DEFINITIONS = (
					"DEBUG=1",
					"$(inherited)",
				);
				GCC_WARN_64_TO_32_BIT_CONVERSION = YES;
				GCC_WARN_ABOUT_RETURN_TYPE = YES_ERROR;
				GCC_WARN_UNDECLARED_SELECTOR = YES;
				GCC_WARN_UNINITIALIZED_AUTOS = YES_AGGRESSIVE;
				GCC_WARN_UNUSED_FUNCTION = YES;
				GCC_WARN_UNUSED_VARIABLE = YES;
				IPHONEOS_DEPLOYMENT_TARGET = 13.4;
				MTL_ENABLE_DEBUG_INFO = INCLUDE_SOURCE;
				MTL_FAST_MATH = YES;
				ONLY_ACTIVE_ARCH = YES;
				SDKROOT = iphoneos;
				SWIFT_ACTIVE_COMPILATION_CONDITIONS = DEBUG;
				SWIFT_OPTIMIZATION_LEVEL = "-Onone";
			};
			name = Debug;
		};
		69493E8E2459C747001B9D15 /* Release */ = {
			isa = XCBuildConfiguration;
			buildSettings = {
				ALWAYS_SEARCH_USER_PATHS = NO;
				CLANG_ANALYZER_NONNULL = YES;
				CLANG_ANALYZER_NUMBER_OBJECT_CONVERSION = YES_AGGRESSIVE;
				CLANG_CXX_LANGUAGE_STANDARD = "gnu++14";
				CLANG_CXX_LIBRARY = "libc++";
				CLANG_ENABLE_MODULES = YES;
				CLANG_ENABLE_OBJC_ARC = YES;
				CLANG_ENABLE_OBJC_WEAK = YES;
				CLANG_WARN_BLOCK_CAPTURE_AUTORELEASING = YES;
				CLANG_WARN_BOOL_CONVERSION = YES;
				CLANG_WARN_COMMA = YES;
				CLANG_WARN_CONSTANT_CONVERSION = YES;
				CLANG_WARN_DEPRECATED_OBJC_IMPLEMENTATIONS = YES;
				CLANG_WARN_DIRECT_OBJC_ISA_USAGE = YES_ERROR;
				CLANG_WARN_DOCUMENTATION_COMMENTS = YES;
				CLANG_WARN_EMPTY_BODY = YES;
				CLANG_WARN_ENUM_CONVERSION = YES;
				CLANG_WARN_INFINITE_RECURSION = YES;
				CLANG_WARN_INT_CONVERSION = YES;
				CLANG_WARN_NON_LITERAL_NULL_CONVERSION = YES;
				CLANG_WARN_OBJC_IMPLICIT_RETAIN_SELF = YES;
				CLANG_WARN_OBJC_LITERAL_CONVERSION = YES;
				CLANG_WARN_OBJC_ROOT_CLASS = YES_ERROR;
				CLANG_WARN_RANGE_LOOP_ANALYSIS = YES;
				CLANG_WARN_STRICT_PROTOTYPES = YES;
				CLANG_WARN_SUSPICIOUS_MOVE = YES;
				CLANG_WARN_UNGUARDED_AVAILABILITY = YES_AGGRESSIVE;
				CLANG_WARN_UNREACHABLE_CODE = YES;
				CLANG_WARN__DUPLICATE_METHOD_MATCH = YES;
				COPY_PHASE_STRIP = NO;
				DEBUG_INFORMATION_FORMAT = "dwarf-with-dsym";
				ENABLE_NS_ASSERTIONS = NO;
				ENABLE_STRICT_OBJC_MSGSEND = YES;
				GCC_C_LANGUAGE_STANDARD = gnu11;
				GCC_NO_COMMON_BLOCKS = YES;
				GCC_WARN_64_TO_32_BIT_CONVERSION = YES;
				GCC_WARN_ABOUT_RETURN_TYPE = YES_ERROR;
				GCC_WARN_UNDECLARED_SELECTOR = YES;
				GCC_WARN_UNINITIALIZED_AUTOS = YES_AGGRESSIVE;
				GCC_WARN_UNUSED_FUNCTION = YES;
				GCC_WARN_UNUSED_VARIABLE = YES;
				IPHONEOS_DEPLOYMENT_TARGET = 13.4;
				MTL_ENABLE_DEBUG_INFO = NO;
				MTL_FAST_MATH = YES;
				SDKROOT = iphoneos;
				SWIFT_COMPILATION_MODE = wholemodule;
				SWIFT_OPTIMIZATION_LEVEL = "-O";
				VALIDATE_PRODUCT = YES;
			};
			name = Release;
		};
		69493E902459C747001B9D15 /* Debug */ = {
			isa = XCBuildConfiguration;
			buildSettings = {
				ASSETCATALOG_COMPILER_APPICON_NAME = AppIcon;
				CODE_SIGN_STYLE = Automatic;
				INFOPLIST_FILE = Byrd/Info.plist;
				IPHONEOS_DEPLOYMENT_TARGET = 13.4;
				LD_RUNPATH_SEARCH_PATHS = (
					"$(inherited)",
					"@executable_path/Frameworks",
				);
				PRODUCT_BUNDLE_IDENTIFIER = Dorime.Byrd;
				PRODUCT_NAME = "$(TARGET_NAME)";
				SWIFT_VERSION = 5.0;
				TARGETED_DEVICE_FAMILY = "1,2";
			};
			name = Debug;
		};
		69493E912459C747001B9D15 /* Release */ = {
			isa = XCBuildConfiguration;
			buildSettings = {
				ASSETCATALOG_COMPILER_APPICON_NAME = AppIcon;
				CODE_SIGN_STYLE = Automatic;
				INFOPLIST_FILE = Byrd/Info.plist;
				IPHONEOS_DEPLOYMENT_TARGET = 13.4;
				LD_RUNPATH_SEARCH_PATHS = (
					"$(inherited)",
					"@executable_path/Frameworks",
				);
				PRODUCT_BUNDLE_IDENTIFIER = Dorime.Byrd;
				PRODUCT_NAME = "$(TARGET_NAME)";
				SWIFT_VERSION = 5.0;
				TARGETED_DEVICE_FAMILY = "1,2";
			};
			name = Release;
		};
		69493E932459C747001B9D15 /* Debug */ = {
			isa = XCBuildConfiguration;
			buildSettings = {
				ALWAYS_EMBED_SWIFT_STANDARD_LIBRARIES = YES;
				BUNDLE_LOADER = "$(TEST_HOST)";
				CODE_SIGN_STYLE = Automatic;
				INFOPLIST_FILE = ByrdTests/Info.plist;
				IPHONEOS_DEPLOYMENT_TARGET = 13.4;
				LD_RUNPATH_SEARCH_PATHS = (
					"$(inherited)",
					"@executable_path/Frameworks",
					"@loader_path/Frameworks",
				);
				PRODUCT_BUNDLE_IDENTIFIER = Dorime.ByrdTests;
				PRODUCT_NAME = "$(TARGET_NAME)";
				SWIFT_VERSION = 5.0;
				TARGETED_DEVICE_FAMILY = "1,2";
				TEST_HOST = "$(BUILT_PRODUCTS_DIR)/Byrd.app/Byrd";
			};
			name = Debug;
		};
		69493E942459C747001B9D15 /* Release */ = {
			isa = XCBuildConfiguration;
			buildSettings = {
				ALWAYS_EMBED_SWIFT_STANDARD_LIBRARIES = YES;
				BUNDLE_LOADER = "$(TEST_HOST)";
				CODE_SIGN_STYLE = Automatic;
				INFOPLIST_FILE = ByrdTests/Info.plist;
				IPHONEOS_DEPLOYMENT_TARGET = 13.4;
				LD_RUNPATH_SEARCH_PATHS = (
					"$(inherited)",
					"@executable_path/Frameworks",
					"@loader_path/Frameworks",
				);
				PRODUCT_BUNDLE_IDENTIFIER = Dorime.ByrdTests;
				PRODUCT_NAME = "$(TARGET_NAME)";
				SWIFT_VERSION = 5.0;
				TARGETED_DEVICE_FAMILY = "1,2";
				TEST_HOST = "$(BUILT_PRODUCTS_DIR)/Byrd.app/Byrd";
			};
			name = Release;
		};
		69493E962459C747001B9D15 /* Debug */ = {
			isa = XCBuildConfiguration;
			buildSettings = {
				ALWAYS_EMBED_SWIFT_STANDARD_LIBRARIES = YES;
				CODE_SIGN_STYLE = Automatic;
				INFOPLIST_FILE = ByrdUITests/Info.plist;
				LD_RUNPATH_SEARCH_PATHS = (
					"$(inherited)",
					"@executable_path/Frameworks",
					"@loader_path/Frameworks",
				);
				PRODUCT_BUNDLE_IDENTIFIER = Dorime.ByrdUITests;
				PRODUCT_NAME = "$(TARGET_NAME)";
				SWIFT_VERSION = 5.0;
				TARGETED_DEVICE_FAMILY = "1,2";
				TEST_TARGET_NAME = Byrd;
			};
			name = Debug;
		};
		69493E972459C747001B9D15 /* Release */ = {
			isa = XCBuildConfiguration;
			buildSettings = {
				ALWAYS_EMBED_SWIFT_STANDARD_LIBRARIES = YES;
				CODE_SIGN_STYLE = Automatic;
				INFOPLIST_FILE = ByrdUITests/Info.plist;
				LD_RUNPATH_SEARCH_PATHS = (
					"$(inherited)",
					"@executable_path/Frameworks",
					"@loader_path/Frameworks",
				);
				PRODUCT_BUNDLE_IDENTIFIER = Dorime.ByrdUITests;
				PRODUCT_NAME = "$(TARGET_NAME)";
				SWIFT_VERSION = 5.0;
				TARGETED_DEVICE_FAMILY = "1,2";
				TEST_TARGET_NAME = Byrd;
			};
			name = Release;
		};
/* End XCBuildConfiguration section */

/* Begin XCConfigurationList section */
		69493E602459C741001B9D15 /* Build configuration list for PBXProject "Byrd" */ = {
			isa = XCConfigurationList;
			buildConfigurations = (
				69493E8D2459C747001B9D15 /* Debug */,
				69493E8E2459C747001B9D15 /* Release */,
			);
			defaultConfigurationIsVisible = 0;
			defaultConfigurationName = Release;
		};
		69493E8F2459C747001B9D15 /* Build configuration list for PBXNativeTarget "Byrd" */ = {
			isa = XCConfigurationList;
			buildConfigurations = (
				69493E902459C747001B9D15 /* Debug */,
				69493E912459C747001B9D15 /* Release */,
			);
			defaultConfigurationIsVisible = 0;
			defaultConfigurationName = Release;
		};
		69493E922459C747001B9D15 /* Build configuration list for PBXNativeTarget "ByrdTests" */ = {
			isa = XCConfigurationList;
			buildConfigurations = (
				69493E932459C747001B9D15 /* Debug */,
				69493E942459C747001B9D15 /* Release */,
			);
			defaultConfigurationIsVisible = 0;
			defaultConfigurationName = Release;
		};
		69493E952459C747001B9D15 /* Build configuration list for PBXNativeTarget "ByrdUITests" */ = {
			isa = XCConfigurationList;
			buildConfigurations = (
				69493E962459C747001B9D15 /* Debug */,
				69493E972459C747001B9D15 /* Release */,
			);
			defaultConfigurationIsVisible = 0;
			defaultConfigurationName = Release;
		};
/* End XCConfigurationList section */
	};
	rootObject = 69493E5D2459C741001B9D15 /* Project object */;
}
